
Microsoft Visual Studio Solution File, Format Version 12.00
# Visual Studio Version 16
VisualStudioVersion = 16.0.31624.102
MinimumVisualStudioVersion = 10.0.40219.1
Project("{FAE04EC0-301F-11D3-BF4B-00C04F79EFBC}") = "whileloops", "whileloops\whileloops.csproj", "{DDB43357-3535-492E-B0B8-CD79A3AF69C6}"
EndProject
Global
	GlobalSection(SolutionConfigurationPlatforms) = preSolution
		Debug|Any CPU = Debug|Any CPU
		Release|Any CPU = Release|Any CPU
	EndGlobalSection
	GlobalSection(ProjectConfigurationPlatforms) = postSolution
		{DDB43357-3535-492E-B0B8-CD79A3AF69C6}.Debug|Any CPU.ActiveCfg = Debug|Any CPU
		{DDB43357-3535-492E-B0B8-CD79A3AF69C6}.Debug|Any CPU.Build.0 = Debug|Any CPU
		{DDB43357-3535-492E-B0B8-CD79A3AF69C6}.Release|Any CPU.ActiveCfg = Release|Any CPU
		{DDB43357-3535-492E-B0B8-CD79A3AF69C6}.Release|Any CPU.Build.0 = Release|Any CPU
	EndGlobalSection
	GlobalSection(SolutionProperties) = preSolution
		HideSolutionNode = FALSE
	EndGlobalSection
	GlobalSection(ExtensibilityGlobals) = postSolution
		SolutionGuid = {48FCC7E2-5A5F-471F-ACCA-3E24BFD9172C}
	EndGlobalSection
EndGlobal
