
Microsoft Visual Studio Solution File, Format Version 12.00
# Visual Studio Version 16
VisualStudioVersion = 16.0.31624.102
MinimumVisualStudioVersion = 10.0.40219.1
Project("{FAE04EC0-301F-11D3-BF4B-00C04F79EFBC}") = "KullanicidanAlinanSayilardanTekCiftBulma", "KullanicidanAlinanSayilardanTekCiftBulma\KullanicidanAlinanSayilardanTekCiftBulma.csproj", "{59906D94-3C1F-4A6B-8D10-9B42B9CF07CA}"
EndProject
Global
	GlobalSection(SolutionConfigurationPlatforms) = preSolution
		Debug|Any CPU = Debug|Any CPU
		Release|Any CPU = Release|Any CPU
	EndGlobalSection
	GlobalSection(ProjectConfigurationPlatforms) = postSolution
		{59906D94-3C1F-4A6B-8D10-9B42B9CF07CA}.Debug|Any CPU.ActiveCfg = Debug|Any CPU
		{59906D94-3C1F-4A6B-8D10-9B42B9CF07CA}.Debug|Any CPU.Build.0 = Debug|Any CPU
		{59906D94-3C1F-4A6B-8D10-9B42B9CF07CA}.Release|Any CPU.ActiveCfg = Release|Any CPU
		{59906D94-3C1F-4A6B-8D10-9B42B9CF07CA}.Release|Any CPU.Build.0 = Release|Any CPU
	EndGlobalSection
	GlobalSection(SolutionProperties) = preSolution
		HideSolutionNode = FALSE
	EndGlobalSection
	GlobalSection(ExtensibilityGlobals) = postSolution
		SolutionGuid = {2CEE11BB-C9AB-4507-BAA4-51C4D0258504}
	EndGlobalSection
EndGlobal
